
Microsoft Visual Studio Solution File, Format Version 12.00
# Visual Studio Version 17
VisualStudioVersion = 17.7.34024.191
MinimumVisualStudioVersion = 10.0.40219.1
Project("{FAE04EC0-301F-11D3-BF4B-00C04F79EFBC}") = "GFA_organization", "GFA_organization\GFA_organization.csproj", "{8E29BAE5-50EE-4BC7-9D0A-E3395B1FBB17}"
EndProject
Global
	GlobalSection(SolutionConfigurationPlatforms) = preSolution
		Debug|Any CPU = Debug|Any CPU
		Release|Any CPU = Release|Any CPU
	EndGlobalSection
	GlobalSection(ProjectConfigurationPlatforms) = postSolution
		{8E29BAE5-50EE-4BC7-9D0A-E3395B1FBB17}.Debug|Any CPU.ActiveCfg = Debug|Any CPU
		{8E29BAE5-50EE-4BC7-9D0A-E3395B1FBB17}.Debug|Any CPU.Build.0 = Debug|Any CPU
		{8E29BAE5-50EE-4BC7-9D0A-E3395B1FBB17}.Release|Any CPU.ActiveCfg = Release|Any CPU
		{8E29BAE5-50EE-4BC7-9D0A-E3395B1FBB17}.Release|Any CPU.Build.0 = Release|Any CPU
	EndGlobalSection
	GlobalSection(SolutionProperties) = preSolution
		HideSolutionNode = FALSE
	EndGlobalSection
	GlobalSection(ExtensibilityGlobals) = postSolution
		SolutionGuid = {8815254B-A872-4588-9BFA-365432E7ED56}
	EndGlobalSection
EndGlobal
