
Microsoft Visual Studio Solution File, Format Version 12.00
# Visual Studio Version 17
VisualStudioVersion = 17.7.34024.191
MinimumVisualStudioVersion = 10.0.40219.1
Project("{FAE04EC0-301F-11D3-BF4B-00C04F79EFBC}") = "asd", "asd\asd.csproj", "{A989EEB5-453D-467B-A680-F62301C8F1CF}"
EndProject
Global
	GlobalSection(SolutionConfigurationPlatforms) = preSolution
		Debug|Any CPU = Debug|Any CPU
		Release|Any CPU = Release|Any CPU
	EndGlobalSection
	GlobalSection(ProjectConfigurationPlatforms) = postSolution
		{A989EEB5-453D-467B-A680-F62301C8F1CF}.Debug|Any CPU.ActiveCfg = Debug|Any CPU
		{A989EEB5-453D-467B-A680-F62301C8F1CF}.Debug|Any CPU.Build.0 = Debug|Any CPU
		{A989EEB5-453D-467B-A680-F62301C8F1CF}.Release|Any CPU.ActiveCfg = Release|Any CPU
		{A989EEB5-453D-467B-A680-F62301C8F1CF}.Release|Any CPU.Build.0 = Release|Any CPU
	EndGlobalSection
	GlobalSection(SolutionProperties) = preSolution
		HideSolutionNode = FALSE
	EndGlobalSection
	GlobalSection(ExtensibilityGlobals) = postSolution
		SolutionGuid = {EA4F3A76-0FE6-47B9-9609-8329DCF4E7AB}
	EndGlobalSection
EndGlobal
