
Microsoft Visual Studio Solution File, Format Version 12.00
# Visual Studio Version 17
VisualStudioVersion = 17.7.34024.191
MinimumVisualStudioVersion = 10.0.40219.1
Project("{FAE04EC0-301F-11D3-BF4B-00C04F79EFBC}") = "Dolgozat Lists", "Dolgozat Lists\Dolgozat Lists.csproj", "{F7DA1160-DB95-4C1D-A443-E483FC9F7391}"
EndProject
Global
	GlobalSection(SolutionConfigurationPlatforms) = preSolution
		Debug|Any CPU = Debug|Any CPU
		Release|Any CPU = Release|Any CPU
	EndGlobalSection
	GlobalSection(ProjectConfigurationPlatforms) = postSolution
		{F7DA1160-DB95-4C1D-A443-E483FC9F7391}.Debug|Any CPU.ActiveCfg = Debug|Any CPU
		{F7DA1160-DB95-4C1D-A443-E483FC9F7391}.Debug|Any CPU.Build.0 = Debug|Any CPU
		{F7DA1160-DB95-4C1D-A443-E483FC9F7391}.Release|Any CPU.ActiveCfg = Release|Any CPU
		{F7DA1160-DB95-4C1D-A443-E483FC9F7391}.Release|Any CPU.Build.0 = Release|Any CPU
	EndGlobalSection
	GlobalSection(SolutionProperties) = preSolution
		HideSolutionNode = FALSE
	EndGlobalSection
	GlobalSection(ExtensibilityGlobals) = postSolution
		SolutionGuid = {3600C41C-DF08-4012-A9BE-8E54BF9A82BF}
	EndGlobalSection
EndGlobal
