
Microsoft Visual Studio Solution File, Format Version 12.00
# Visual Studio Version 17
VisualStudioVersion = 17.7.34024.191
MinimumVisualStudioVersion = 10.0.40219.1
Project("{FAE04EC0-301F-11D3-BF4B-00C04F79EFBC}") = "smallest multiply", "smallest multiply\smallest multiply.csproj", "{499FEDAD-2673-4B27-832D-7D71E83FA186}"
EndProject
Global
	GlobalSection(SolutionConfigurationPlatforms) = preSolution
		Debug|Any CPU = Debug|Any CPU
		Release|Any CPU = Release|Any CPU
	EndGlobalSection
	GlobalSection(ProjectConfigurationPlatforms) = postSolution
		{499FEDAD-2673-4B27-832D-7D71E83FA186}.Debug|Any CPU.ActiveCfg = Debug|Any CPU
		{499FEDAD-2673-4B27-832D-7D71E83FA186}.Debug|Any CPU.Build.0 = Debug|Any CPU
		{499FEDAD-2673-4B27-832D-7D71E83FA186}.Release|Any CPU.ActiveCfg = Release|Any CPU
		{499FEDAD-2673-4B27-832D-7D71E83FA186}.Release|Any CPU.Build.0 = Release|Any CPU
	EndGlobalSection
	GlobalSection(SolutionProperties) = preSolution
		HideSolutionNode = FALSE
	EndGlobalSection
	GlobalSection(ExtensibilityGlobals) = postSolution
		SolutionGuid = {02E96ECC-3B0C-4DF4-B6BE-BF3EC90DB25B}
	EndGlobalSection
EndGlobal
