
Microsoft Visual Studio Solution File, Format Version 12.00
# Visual Studio Version 17
VisualStudioVersion = 17.7.34024.191
MinimumVisualStudioVersion = 10.0.40219.1
Project("{FAE04EC0-301F-11D3-BF4B-00C04F79EFBC}") = "phone book", "phone book\phone book.csproj", "{BBB80813-2FC6-496A-A2F1-5CCD62100BA8}"
EndProject
Global
	GlobalSection(SolutionConfigurationPlatforms) = preSolution
		Debug|Any CPU = Debug|Any CPU
		Release|Any CPU = Release|Any CPU
	EndGlobalSection
	GlobalSection(ProjectConfigurationPlatforms) = postSolution
		{BBB80813-2FC6-496A-A2F1-5CCD62100BA8}.Debug|Any CPU.ActiveCfg = Debug|Any CPU
		{BBB80813-2FC6-496A-A2F1-5CCD62100BA8}.Debug|Any CPU.Build.0 = Debug|Any CPU
		{BBB80813-2FC6-496A-A2F1-5CCD62100BA8}.Release|Any CPU.ActiveCfg = Release|Any CPU
		{BBB80813-2FC6-496A-A2F1-5CCD62100BA8}.Release|Any CPU.Build.0 = Release|Any CPU
	EndGlobalSection
	GlobalSection(SolutionProperties) = preSolution
		HideSolutionNode = FALSE
	EndGlobalSection
	GlobalSection(ExtensibilityGlobals) = postSolution
		SolutionGuid = {4DAF4C1D-A0BE-4128-99AC-5A03C71D4636}
	EndGlobalSection
EndGlobal
