
Microsoft Visual Studio Solution File, Format Version 12.00
# Visual Studio Version 17
VisualStudioVersion = 17.7.34024.191
MinimumVisualStudioVersion = 10.0.40219.1
Project("{FAE04EC0-301F-11D3-BF4B-00C04F79EFBC}") = "Maximum Path Sum II", "Maximum Path Sum II\Maximum Path Sum II.csproj", "{BDEE2CB3-6F41-4785-96F7-5A4A24EC900C}"
EndProject
Global
	GlobalSection(SolutionConfigurationPlatforms) = preSolution
		Debug|Any CPU = Debug|Any CPU
		Release|Any CPU = Release|Any CPU
	EndGlobalSection
	GlobalSection(ProjectConfigurationPlatforms) = postSolution
		{BDEE2CB3-6F41-4785-96F7-5A4A24EC900C}.Debug|Any CPU.ActiveCfg = Debug|Any CPU
		{BDEE2CB3-6F41-4785-96F7-5A4A24EC900C}.Debug|Any CPU.Build.0 = Debug|Any CPU
		{BDEE2CB3-6F41-4785-96F7-5A4A24EC900C}.Release|Any CPU.ActiveCfg = Release|Any CPU
		{BDEE2CB3-6F41-4785-96F7-5A4A24EC900C}.Release|Any CPU.Build.0 = Release|Any CPU
	EndGlobalSection
	GlobalSection(SolutionProperties) = preSolution
		HideSolutionNode = FALSE
	EndGlobalSection
	GlobalSection(ExtensibilityGlobals) = postSolution
		SolutionGuid = {FA43B2DE-7B5A-4660-81FC-6B2CCCFE875D}
	EndGlobalSection
EndGlobal
