
Microsoft Visual Studio Solution File, Format Version 12.00
# Visual Studio Version 17
VisualStudioVersion = 17.7.34024.191
MinimumVisualStudioVersion = 10.0.40219.1
Project("{FAE04EC0-301F-11D3-BF4B-00C04F79EFBC}") = "CarRent_MJ", "CarRent_MJ\CarRent_MJ.csproj", "{198402BB-0FE9-4CE6-8B77-3F94C1556BAA}"
EndProject
Global
	GlobalSection(SolutionConfigurationPlatforms) = preSolution
		Debug|Any CPU = Debug|Any CPU
		Release|Any CPU = Release|Any CPU
	EndGlobalSection
	GlobalSection(ProjectConfigurationPlatforms) = postSolution
		{198402BB-0FE9-4CE6-8B77-3F94C1556BAA}.Debug|Any CPU.ActiveCfg = Debug|Any CPU
		{198402BB-0FE9-4CE6-8B77-3F94C1556BAA}.Debug|Any CPU.Build.0 = Debug|Any CPU
		{198402BB-0FE9-4CE6-8B77-3F94C1556BAA}.Release|Any CPU.ActiveCfg = Release|Any CPU
		{198402BB-0FE9-4CE6-8B77-3F94C1556BAA}.Release|Any CPU.Build.0 = Release|Any CPU
	EndGlobalSection
	GlobalSection(SolutionProperties) = preSolution
		HideSolutionNode = FALSE
	EndGlobalSection
	GlobalSection(ExtensibilityGlobals) = postSolution
		SolutionGuid = {1335C6D0-EA05-4A0A-A1F6-E3A09A25DCC4}
	EndGlobalSection
EndGlobal
